
Microsoft Visual Studio Solution File, Format Version 12.00
# Visual Studio 2012
Project("{F184B08F-C81C-45F6-A57F-5ABD9991F28F}") = "ACPTransportes", "ACPTransporte\ACPTransportes.vbproj", "{698578BF-6B7E-4126-B514-24F249A4B89D}"
EndProject
Project("{F184B08F-C81C-45F6-A57F-5ABD9991F28F}") = "ACBTransporte", "ACBTransporte\ACBTransporte.vbproj", "{014BC6D2-749C-45C0-BC4F-B3E065C215CF}"
EndProject
Project("{F184B08F-C81C-45F6-A57F-5ABD9991F28F}") = "ACDTransporte", "ACDTransporte\ACDTransporte.vbproj", "{5E6172F1-4F6D-4729-A8C4-F05DDECE6D3B}"
EndProject
Project("{F184B08F-C81C-45F6-A57F-5ABD9991F28F}") = "ACETransporte", "ACETransporte\ACETransporte.vbproj", "{2D4A40A6-2947-46F7-896B-369CF6CAF241}"
EndProject
Project("{F184B08F-C81C-45F6-A57F-5ABD9991F28F}") = "ACBVentas", "ACBVentas\ACBVentas.vbproj", "{F6759EE9-B758-4F11-A181-1A15993F8CF0}"
EndProject
Project("{F184B08F-C81C-45F6-A57F-5ABD9991F28F}") = "ACDVentas", "ACDVentas\ACDVentas.vbproj", "{FDDC4223-045A-4396-819B-1FB6E51BE08E}"
EndProject
Project("{F184B08F-C81C-45F6-A57F-5ABD9991F28F}") = "ACEVentas", "ACEVentas\ACEVentas.vbproj", "{0342AB4F-BE96-4347-BA2E-D6432D3D913E}"
EndProject
Project("{F184B08F-C81C-45F6-A57F-5ABD9991F28F}") = "ACBLogistica", "ACBLogistica\ACBLogistica.vbproj", "{DDD5D88C-7998-4A88-961D-2086E16D4998}"
EndProject
Project("{F184B08F-C81C-45F6-A57F-5ABD9991F28F}") = "ACDLogistica", "ACDLogistica\ACDLogistica.vbproj", "{9D2ECCFB-8B54-48AA-BB21-0E45BEC2C14D}"
EndProject
Project("{F184B08F-C81C-45F6-A57F-5ABD9991F28F}") = "ACELogistica", "ACELogistica\ACELogistica.vbproj", "{9A0C4260-BFA7-4033-8A55-CD365EE051B9}"
EndProject
Project("{F184B08F-C81C-45F6-A57F-5ABD9991F28F}") = "ACBAppMovil", "ACBAppMovil\ACBAppMovil.vbproj", "{7320D2D7-CFF6-4836-B96E-3A593A6EB996}"
EndProject
Project("{F184B08F-C81C-45F6-A57F-5ABD9991F28F}") = "ACEAppMovil", "ACEAppMovil\ACEAppMovil.vbproj", "{579EF1FB-A6BE-436F-8716-60DC8E9E3003}"
EndProject
Project("{F184B08F-C81C-45F6-A57F-5ABD9991F28F}") = "ACDAppMovil", "ACDAppMovil\ACDAppMovil.vbproj", "{0DAD11EC-BD35-45DB-9DFA-BCCC4FB2D1CE}"
EndProject
Global
	GlobalSection(SolutionConfigurationPlatforms) = preSolution
		Debug|Any CPU = Debug|Any CPU
		Debug|x86 = Debug|x86
		Release|Any CPU = Release|Any CPU
		Release|x86 = Release|x86
	EndGlobalSection
	GlobalSection(ProjectConfigurationPlatforms) = postSolution
		{698578BF-6B7E-4126-B514-24F249A4B89D}.Debug|Any CPU.ActiveCfg = Debug|Any CPU
		{698578BF-6B7E-4126-B514-24F249A4B89D}.Debug|Any CPU.Build.0 = Debug|Any CPU
		{698578BF-6B7E-4126-B514-24F249A4B89D}.Debug|x86.ActiveCfg = Debug|x86
		{698578BF-6B7E-4126-B514-24F249A4B89D}.Debug|x86.Build.0 = Debug|x86
		{698578BF-6B7E-4126-B514-24F249A4B89D}.Release|Any CPU.ActiveCfg = Release|Any CPU
		{698578BF-6B7E-4126-B514-24F249A4B89D}.Release|Any CPU.Build.0 = Release|Any CPU
		{698578BF-6B7E-4126-B514-24F249A4B89D}.Release|x86.ActiveCfg = Release|x86
		{698578BF-6B7E-4126-B514-24F249A4B89D}.Release|x86.Build.0 = Release|x86
		{014BC6D2-749C-45C0-BC4F-B3E065C215CF}.Debug|Any CPU.ActiveCfg = Debug|Any CPU
		{014BC6D2-749C-45C0-BC4F-B3E065C215CF}.Debug|Any CPU.Build.0 = Debug|Any CPU
		{014BC6D2-749C-45C0-BC4F-B3E065C215CF}.Debug|x86.ActiveCfg = Debug|x86
		{014BC6D2-749C-45C0-BC4F-B3E065C215CF}.Debug|x86.Build.0 = Debug|x86
		{014BC6D2-749C-45C0-BC4F-B3E065C215CF}.Release|Any CPU.ActiveCfg = Release|Any CPU
		{014BC6D2-749C-45C0-BC4F-B3E065C215CF}.Release|Any CPU.Build.0 = Release|Any CPU
		{014BC6D2-749C-45C0-BC4F-B3E065C215CF}.Release|x86.ActiveCfg = Release|x86
		{014BC6D2-749C-45C0-BC4F-B3E065C215CF}.Release|x86.Build.0 = Release|x86
		{5E6172F1-4F6D-4729-A8C4-F05DDECE6D3B}.Debug|Any CPU.ActiveCfg = Debug|Any CPU
		{5E6172F1-4F6D-4729-A8C4-F05DDECE6D3B}.Debug|Any CPU.Build.0 = Debug|Any CPU
		{5E6172F1-4F6D-4729-A8C4-F05DDECE6D3B}.Debug|x86.ActiveCfg = Debug|x86
		{5E6172F1-4F6D-4729-A8C4-F05DDECE6D3B}.Debug|x86.Build.0 = Debug|x86
		{5E6172F1-4F6D-4729-A8C4-F05DDECE6D3B}.Release|Any CPU.ActiveCfg = Release|Any CPU
		{5E6172F1-4F6D-4729-A8C4-F05DDECE6D3B}.Release|Any CPU.Build.0 = Release|Any CPU
		{5E6172F1-4F6D-4729-A8C4-F05DDECE6D3B}.Release|x86.ActiveCfg = Release|x86
		{5E6172F1-4F6D-4729-A8C4-F05DDECE6D3B}.Release|x86.Build.0 = Release|x86
		{2D4A40A6-2947-46F7-896B-369CF6CAF241}.Debug|Any CPU.ActiveCfg = Debug|Any CPU
		{2D4A40A6-2947-46F7-896B-369CF6CAF241}.Debug|Any CPU.Build.0 = Debug|Any CPU
		{2D4A40A6-2947-46F7-896B-369CF6CAF241}.Debug|x86.ActiveCfg = Debug|x86
		{2D4A40A6-2947-46F7-896B-369CF6CAF241}.Debug|x86.Build.0 = Debug|x86
		{2D4A40A6-2947-46F7-896B-369CF6CAF241}.Release|Any CPU.ActiveCfg = Release|Any CPU
		{2D4A40A6-2947-46F7-896B-369CF6CAF241}.Release|Any CPU.Build.0 = Release|Any CPU
		{2D4A40A6-2947-46F7-896B-369CF6CAF241}.Release|x86.ActiveCfg = Release|x86
		{2D4A40A6-2947-46F7-896B-369CF6CAF241}.Release|x86.Build.0 = Release|x86
		{F6759EE9-B758-4F11-A181-1A15993F8CF0}.Debug|Any CPU.ActiveCfg = Debug|Any CPU
		{F6759EE9-B758-4F11-A181-1A15993F8CF0}.Debug|Any CPU.Build.0 = Debug|Any CPU
		{F6759EE9-B758-4F11-A181-1A15993F8CF0}.Debug|x86.ActiveCfg = Debug|Any CPU
		{F6759EE9-B758-4F11-A181-1A15993F8CF0}.Debug|x86.Build.0 = Debug|Any CPU
		{F6759EE9-B758-4F11-A181-1A15993F8CF0}.Release|Any CPU.ActiveCfg = Release|Any CPU
		{F6759EE9-B758-4F11-A181-1A15993F8CF0}.Release|Any CPU.Build.0 = Release|Any CPU
		{F6759EE9-B758-4F11-A181-1A15993F8CF0}.Release|x86.ActiveCfg = Release|Any CPU
		{F6759EE9-B758-4F11-A181-1A15993F8CF0}.Release|x86.Build.0 = Release|Any CPU
		{FDDC4223-045A-4396-819B-1FB6E51BE08E}.Debug|Any CPU.ActiveCfg = Debug|Any CPU
		{FDDC4223-045A-4396-819B-1FB6E51BE08E}.Debug|Any CPU.Build.0 = Debug|Any CPU
		{FDDC4223-045A-4396-819B-1FB6E51BE08E}.Debug|x86.ActiveCfg = Debug|Any CPU
		{FDDC4223-045A-4396-819B-1FB6E51BE08E}.Debug|x86.Build.0 = Debug|Any CPU
		{FDDC4223-045A-4396-819B-1FB6E51BE08E}.Release|Any CPU.ActiveCfg = Release|Any CPU
		{FDDC4223-045A-4396-819B-1FB6E51BE08E}.Release|Any CPU.Build.0 = Release|Any CPU
		{FDDC4223-045A-4396-819B-1FB6E51BE08E}.Release|x86.ActiveCfg = Release|Any CPU
		{FDDC4223-045A-4396-819B-1FB6E51BE08E}.Release|x86.Build.0 = Release|Any CPU
		{0342AB4F-BE96-4347-BA2E-D6432D3D913E}.Debug|Any CPU.ActiveCfg = Debug|Any CPU
		{0342AB4F-BE96-4347-BA2E-D6432D3D913E}.Debug|Any CPU.Build.0 = Debug|Any CPU
		{0342AB4F-BE96-4347-BA2E-D6432D3D913E}.Debug|x86.ActiveCfg = Debug|Any CPU
		{0342AB4F-BE96-4347-BA2E-D6432D3D913E}.Debug|x86.Build.0 = Debug|Any CPU
		{0342AB4F-BE96-4347-BA2E-D6432D3D913E}.Release|Any CPU.ActiveCfg = Release|Any CPU
		{0342AB4F-BE96-4347-BA2E-D6432D3D913E}.Release|Any CPU.Build.0 = Release|Any CPU
		{0342AB4F-BE96-4347-BA2E-D6432D3D913E}.Release|x86.ActiveCfg = Release|Any CPU
		{0342AB4F-BE96-4347-BA2E-D6432D3D913E}.Release|x86.Build.0 = Release|Any CPU
		{DDD5D88C-7998-4A88-961D-2086E16D4998}.Debug|Any CPU.ActiveCfg = Debug|Any CPU
		{DDD5D88C-7998-4A88-961D-2086E16D4998}.Debug|Any CPU.Build.0 = Debug|Any CPU
		{DDD5D88C-7998-4A88-961D-2086E16D4998}.Debug|x86.ActiveCfg = Debug|Any CPU
		{DDD5D88C-7998-4A88-961D-2086E16D4998}.Debug|x86.Build.0 = Debug|Any CPU
		{DDD5D88C-7998-4A88-961D-2086E16D4998}.Release|Any CPU.ActiveCfg = Release|Any CPU
		{DDD5D88C-7998-4A88-961D-2086E16D4998}.Release|Any CPU.Build.0 = Release|Any CPU
		{DDD5D88C-7998-4A88-961D-2086E16D4998}.Release|x86.ActiveCfg = Release|Any CPU
		{DDD5D88C-7998-4A88-961D-2086E16D4998}.Release|x86.Build.0 = Release|Any CPU
		{9D2ECCFB-8B54-48AA-BB21-0E45BEC2C14D}.Debug|Any CPU.ActiveCfg = Debug|Any CPU
		{9D2ECCFB-8B54-48AA-BB21-0E45BEC2C14D}.Debug|Any CPU.Build.0 = Debug|Any CPU
		{9D2ECCFB-8B54-48AA-BB21-0E45BEC2C14D}.Debug|x86.ActiveCfg = Debug|Any CPU
		{9D2ECCFB-8B54-48AA-BB21-0E45BEC2C14D}.Debug|x86.Build.0 = Debug|Any CPU
		{9D2ECCFB-8B54-48AA-BB21-0E45BEC2C14D}.Release|Any CPU.ActiveCfg = Release|Any CPU
		{9D2ECCFB-8B54-48AA-BB21-0E45BEC2C14D}.Release|Any CPU.Build.0 = Release|Any CPU
		{9D2ECCFB-8B54-48AA-BB21-0E45BEC2C14D}.Release|x86.ActiveCfg = Release|Any CPU
		{9D2ECCFB-8B54-48AA-BB21-0E45BEC2C14D}.Release|x86.Build.0 = Release|Any CPU
		{9A0C4260-BFA7-4033-8A55-CD365EE051B9}.Debug|Any CPU.ActiveCfg = Debug|Any CPU
		{9A0C4260-BFA7-4033-8A55-CD365EE051B9}.Debug|Any CPU.Build.0 = Debug|Any CPU
		{9A0C4260-BFA7-4033-8A55-CD365EE051B9}.Debug|x86.ActiveCfg = Debug|Any CPU
		{9A0C4260-BFA7-4033-8A55-CD365EE051B9}.Debug|x86.Build.0 = Debug|Any CPU
		{9A0C4260-BFA7-4033-8A55-CD365EE051B9}.Release|Any CPU.ActiveCfg = Release|Any CPU
		{9A0C4260-BFA7-4033-8A55-CD365EE051B9}.Release|Any CPU.Build.0 = Release|Any CPU
		{9A0C4260-BFA7-4033-8A55-CD365EE051B9}.Release|x86.ActiveCfg = Release|Any CPU
		{9A0C4260-BFA7-4033-8A55-CD365EE051B9}.Release|x86.Build.0 = Release|Any CPU
		{7320D2D7-CFF6-4836-B96E-3A593A6EB996}.Debug|Any CPU.ActiveCfg = Debug|Any CPU
		{7320D2D7-CFF6-4836-B96E-3A593A6EB996}.Debug|Any CPU.Build.0 = Debug|Any CPU
		{7320D2D7-CFF6-4836-B96E-3A593A6EB996}.Debug|x86.ActiveCfg = Debug|Any CPU
		{7320D2D7-CFF6-4836-B96E-3A593A6EB996}.Release|Any CPU.ActiveCfg = Release|Any CPU
		{7320D2D7-CFF6-4836-B96E-3A593A6EB996}.Release|Any CPU.Build.0 = Release|Any CPU
		{7320D2D7-CFF6-4836-B96E-3A593A6EB996}.Release|x86.ActiveCfg = Release|Any CPU
		{579EF1FB-A6BE-436F-8716-60DC8E9E3003}.Debug|Any CPU.ActiveCfg = Debug|Any CPU
		{579EF1FB-A6BE-436F-8716-60DC8E9E3003}.Debug|Any CPU.Build.0 = Debug|Any CPU
		{579EF1FB-A6BE-436F-8716-60DC8E9E3003}.Debug|x86.ActiveCfg = Debug|Any CPU
		{579EF1FB-A6BE-436F-8716-60DC8E9E3003}.Release|Any CPU.ActiveCfg = Release|Any CPU
		{579EF1FB-A6BE-436F-8716-60DC8E9E3003}.Release|Any CPU.Build.0 = Release|Any CPU
		{579EF1FB-A6BE-436F-8716-60DC8E9E3003}.Release|x86.ActiveCfg = Release|Any CPU
		{0DAD11EC-BD35-45DB-9DFA-BCCC4FB2D1CE}.Debug|Any CPU.ActiveCfg = Debug|Any CPU
		{0DAD11EC-BD35-45DB-9DFA-BCCC4FB2D1CE}.Debug|Any CPU.Build.0 = Debug|Any CPU
		{0DAD11EC-BD35-45DB-9DFA-BCCC4FB2D1CE}.Debug|x86.ActiveCfg = Debug|Any CPU
		{0DAD11EC-BD35-45DB-9DFA-BCCC4FB2D1CE}.Release|Any CPU.ActiveCfg = Release|Any CPU
		{0DAD11EC-BD35-45DB-9DFA-BCCC4FB2D1CE}.Release|Any CPU.Build.0 = Release|Any CPU
		{0DAD11EC-BD35-45DB-9DFA-BCCC4FB2D1CE}.Release|x86.ActiveCfg = Release|Any CPU
	EndGlobalSection
	GlobalSection(SolutionProperties) = preSolution
		HideSolutionNode = FALSE
	EndGlobalSection
	GlobalSection(ExtensibilityGlobals) = postSolution
		SolutionGuid = {9EFE9A48-38D4-45C8-9B1F-9475049286AF}
	EndGlobalSection
	GlobalSection(SubversionScc) = preSolution
		Svn-Managed = True
		Manager = AnkhSVN - Subversion Support for Visual Studio
	EndGlobalSection
EndGlobal
